<?xml version="1.0" encoding="utf-8"?>
<Project ToolsVersion="4.0" xmlns="http://schemas.microsoft.com/developer/msbuild/2003">
  <ItemGroup>
    <Filter Include="File di origine">
      <UniqueIdentifier>{4FC737F1-C7A5-4376-A066-2A32D752A2FF}</UniqueIdentifier>
      <Extensions>cpp;c;cc;cxx;c++;cppm;ixx;def;odl;idl;hpj;bat;asm;asmx</Extensions>
    </Filter>
    <Filter Include="File di intestazione">
      <UniqueIdentifier>{93995380-89BD-4b04-88EB-625FBE52EBFB}</UniqueIdentifier>
      <Extensions>h;hh;hpp;hxx;h++;hm;inl;inc;ipp;xsd</Extensions>
    </Filter>
    <Filter Include="File di risorse">
      <UniqueIdentifier>{67DA6AB6-F800-4c08-8B7A-83BB121AAD01}</UniqueIdentifier>
      <Extensions>rc;ico;cur;bmp;dlg;rc2;rct;bin;rgs;gif;jpg;jpeg;jpe;resx;tiff;tif;png;wav;mfcribbon-ms</Extensions>
    </Filter>
  </ItemGroup>
  <ItemGroup>
    <ClCompile Include="src\main.cpp">
      <Filter>File di origine</Filter>
    </ClCompile>
    <ClCompile Include="src\aes256.cpp">
      <Filter>File di origine</Filter>
    </ClCompile>
    <ClCompile Include="src\galois.cpp">
      <Filter>File di origine</Filter>
    </ClCompile>
    <ClCompile Include="src\aes_state.cpp">
      <Filter>File di origine</Filter>
    </ClCompile>
    <ClCompile Include="src\aes_key_schedule.cpp">
      <Filter>File di origine</Filter>
    </ClCompile>
    <ClCompile Include="src\aes_cipher.cpp">
      <Filter>File di origine</Filter>
    </ClCompile>
    <ClCompile Include="src\aes_padding.cpp">
      <Filter>File di origine</Filter>
    </ClCompile>
    <ClCompile Include="src\secureStorage.cpp">
      <Filter>File di origine</Filter>
    </ClCompile>
    <ClCompile Include="src\appSettings.cpp">
      <Filter>File di origine</Filter>
    </ClCompile>
    <ClCompile Include="src\CryptoType.cpp">
      <Filter>File di origine</Filter>
    </ClCompile>
    <ClCompile Include="src\aes256_dll.cpp">
      <Filter>File di origine</Filter>
    </ClCompile>
  </ItemGroup>
  <ItemGroup>
    <ClInclude Include="include\aes256.h">
      <Filter>File di intestazione</Filter>
    </ClInclude>
    <ClInclude Include="include\aes_tables.h">
      <Filter>File di intestazione</Filter>
    </ClInclude>
    <ClInclude Include="include\galois.h">
      <Filter>File di intestazione</Filter>
    </ClInclude>
    <ClInclude Include="include\aes_state.h">
      <Filter>File di intestazione</Filter>
    </ClInclude>
    <ClInclude Include="include\aes_key_schedule.h">
      <Filter>File di intestazione</Filter>
    </ClInclude>
    <ClInclude Include="include\aes_cipher.h">
      <Filter>File di intestazione</Filter>
    </ClInclude>
    <ClInclude Include="include\aes_padding.h">
      <Filter>File di intestazione</Filter>
    </ClInclude>
    <ClInclude Include="include\secureStorage.h">
      <Filter>File di intestazione</Filter>
    </ClInclude>
    <ClInclude Include="include\appSettings.h">
      <Filter>File di intestazione</Filter>
    </ClInclude>
    <ClInclude Include="include\aes256_dll.h">
      <Filter>File di intestazione</Filter>
    </ClInclude>
  </ItemGroup>
</Project>